
Microsoft Visual Studio Solution File, Format Version 12.00
# Visual Studio 2012
Project("{FAE04EC0-301F-11D3-BF4B-00C04F79EFBC}") = "SearchEngine", "SearchEngine\SearchEngine.csproj", "{1F5A5814-A2B4-4A89-88C2-6236FDDED0A5}"
EndProject
Project("{FAE04EC0-301F-11D3-BF4B-00C04F79EFBC}") = "SearchEngine.Tests", "SearchEngine.Tests\SearchEngine.Tests.csproj", "{45DF4A58-667C-4649-AB93-21DBAAB2AF41}"
EndProject
Global
	GlobalSection(SolutionConfigurationPlatforms) = preSolution
		Debug|Any CPU = Debug|Any CPU
		Release|Any CPU = Release|Any CPU
	EndGlobalSection
	GlobalSection(ProjectConfigurationPlatforms) = postSolution
		{1F5A5814-A2B4-4A89-88C2-6236FDDED0A5}.Debug|Any CPU.ActiveCfg = Debug|Any CPU
		{1F5A5814-A2B4-4A89-88C2-6236FDDED0A5}.Debug|Any CPU.Build.0 = Debug|Any CPU
		{1F5A5814-A2B4-4A89-88C2-6236FDDED0A5}.Release|Any CPU.ActiveCfg = Release|Any CPU
		{1F5A5814-A2B4-4A89-88C2-6236FDDED0A5}.Release|Any CPU.Build.0 = Release|Any CPU
		{45DF4A58-667C-4649-AB93-21DBAAB2AF41}.Debug|Any CPU.ActiveCfg = Debug|Any CPU
		{45DF4A58-667C-4649-AB93-21DBAAB2AF41}.Debug|Any CPU.Build.0 = Debug|Any CPU
		{45DF4A58-667C-4649-AB93-21DBAAB2AF41}.Release|Any CPU.ActiveCfg = Release|Any CPU
		{45DF4A58-667C-4649-AB93-21DBAAB2AF41}.Release|Any CPU.Build.0 = Release|Any CPU
	EndGlobalSection
	GlobalSection(SolutionProperties) = preSolution
		HideSolutionNode = FALSE
	EndGlobalSection
EndGlobal
